Microsoft Visual Studio Solution File, Format Version 12.00
# Visual Studio Version 17
VisualStudioVersion = 17.5.2.0
MinimumVisualStudioVersion = 10.0.40219.1
Project("{FAE04EC0-301F-11D3-BF4B-00C04F79EFBC}") = "Mini-Task-Manager-Application", "Mini-Task-Manager-Application.csproj", "{18B75292-62D7-87A8-F5CD-8DA452BBBE47}"
EndProject
Global
	GlobalSection(SolutionConfigurationPlatforms) = preSolution
		Debug|Any CPU = Debug|Any CPU
		Release|Any CPU = Release|Any CPU
	EndGlobalSection
	GlobalSection(ProjectConfigurationPlatforms) = postSolution
		{18B75292-62D7-87A8-F5CD-8DA452BBBE47}.Debug|Any CPU.ActiveCfg = Debug|Any CPU
		{18B75292-62D7-87A8-F5CD-8DA452BBBE47}.Debug|Any CPU.Build.0 = Debug|Any CPU
		{18B75292-62D7-87A8-F5CD-8DA452BBBE47}.Release|Any CPU.ActiveCfg = Release|Any CPU
		{18B75292-62D7-87A8-F5CD-8DA452BBBE47}.Release|Any CPU.Build.0 = Release|Any CPU
	EndGlobalSection
	GlobalSection(SolutionProperties) = preSolution
		HideSolutionNode = FALSE
	EndGlobalSection
	GlobalSection(ExtensibilityGlobals) = postSolution
		SolutionGuid = {21CAC485-ABEF-4653-A42B-D9FA82456FB3}
	EndGlobalSection
EndGlobal
